
Microsoft Visual Studio Solution File, Format Version 12.00
# Visual Studio Version 17
VisualStudioVersion = 17.4.33213.308
MinimumVisualStudioVersion = 10.0.40219.1
Project("{2150E333-8FDC-42A3-9474-1A3956D46DE8}") = "2023", "2023", "{025EEFCA-A4A8-463F-B398-0C60738F23A7}"
EndProject
Project("{9A19103F-16F7-4668-BE54-9A1E7A4F7556}") = "Day1", "2023\Day1\Day1.csproj", "{820D2C1E-30EF-4A11-BDFF-F933F525D5CB}"
EndProject
Project("{2150E333-8FDC-42A3-9474-1A3956D46DE8}") = "Solution Items", "Solution Items", "{D41075A8-F2C9-46E0-9E35-B90931FDE0A6}"
	ProjectSection(SolutionItems) = preProject
		.gitignore = .gitignore
		README.md = README.md
	EndProjectSection
EndProject
Project("{9A19103F-16F7-4668-BE54-9A1E7A4F7556}") = "Day2", "2023\Day2\Day2.csproj", "{D1A522F0-D659-4264-96DE-26EC2F9E21DB}"
EndProject
Project("{9A19103F-16F7-4668-BE54-9A1E7A4F7556}") = "Day3", "2023\Day3\Day3.csproj", "{E1630F25-3C08-4AEB-8C47-963E83AA279C}"
EndProject
Project("{9A19103F-16F7-4668-BE54-9A1E7A4F7556}") = "Day4", "2023\Day4\Day4.csproj", "{E97515E0-A4A6-42EC-A316-F7CEDB5A512F}"
EndProject
Project("{9A19103F-16F7-4668-BE54-9A1E7A4F7556}") = "Day5", "2023\Day5\Day5.csproj", "{5E206190-65DC-4AF7-98A1-9AD8221C16E3}"
EndProject
Project("{9A19103F-16F7-4668-BE54-9A1E7A4F7556}") = "Day6", "2023\Day6\Day6.csproj", "{FD2287D4-8356-4E10-BC42-1C7DEB5F35E4}"
EndProject
Project("{9A19103F-16F7-4668-BE54-9A1E7A4F7556}") = "Day7", "2023\Day7\Day7.csproj", "{0BA2CDCB-BC33-44DB-BF1F-1713B5A6B057}"
EndProject
Project("{9A19103F-16F7-4668-BE54-9A1E7A4F7556}") = "Day8", "2023\Day8\Day8.csproj", "{D8A25160-071D-4039-A8D4-5D906DA0B956}"
EndProject
Project("{9A19103F-16F7-4668-BE54-9A1E7A4F7556}") = "Day9", "2023\Day9\Day9.csproj", "{7E6E1B0B-9D90-4F1E-A242-37CF7D641350}"
EndProject
Project("{9A19103F-16F7-4668-BE54-9A1E7A4F7556}") = "Day10", "2023\Day10\Day10.csproj", "{5B1DD5DD-1A0A-476F-9890-8A3C51B905D3}"
EndProject
Project("{9A19103F-16F7-4668-BE54-9A1E7A4F7556}") = "Day11", "2023\Day11\Day11.csproj", "{F69AD1C9-DB86-4E27-88D5-9E7069F9274F}"
EndProject
Project("{9A19103F-16F7-4668-BE54-9A1E7A4F7556}") = "Day12", "2023\Day12\Day12.csproj", "{FC87FE6A-AA24-4392-9572-F33530FDD412}"
EndProject
Project("{9A19103F-16F7-4668-BE54-9A1E7A4F7556}") = "Day13", "2023\Day13\Day13.csproj", "{2F7A6C25-6A42-4EEB-8B5F-5479861B6FF3}"
EndProject
Global
	GlobalSection(SolutionConfigurationPlatforms) = preSolution
		Debug|Any CPU = Debug|Any CPU
		Release|Any CPU = Release|Any CPU
	EndGlobalSection
	GlobalSection(ProjectConfigurationPlatforms) = postSolution
		{820D2C1E-30EF-4A11-BDFF-F933F525D5CB}.Debug|Any CPU.ActiveCfg = Debug|Any CPU
		{820D2C1E-30EF-4A11-BDFF-F933F525D5CB}.Debug|Any CPU.Build.0 = Debug|Any CPU
		{820D2C1E-30EF-4A11-BDFF-F933F525D5CB}.Release|Any CPU.ActiveCfg = Release|Any CPU
		{820D2C1E-30EF-4A11-BDFF-F933F525D5CB}.Release|Any CPU.Build.0 = Release|Any CPU
		{D1A522F0-D659-4264-96DE-26EC2F9E21DB}.Debug|Any CPU.ActiveCfg = Debug|Any CPU
		{D1A522F0-D659-4264-96DE-26EC2F9E21DB}.Debug|Any CPU.Build.0 = Debug|Any CPU
		{D1A522F0-D659-4264-96DE-26EC2F9E21DB}.Release|Any CPU.ActiveCfg = Release|Any CPU
		{D1A522F0-D659-4264-96DE-26EC2F9E21DB}.Release|Any CPU.Build.0 = Release|Any CPU
		{E1630F25-3C08-4AEB-8C47-963E83AA279C}.Debug|Any CPU.ActiveCfg = Debug|Any CPU
		{E1630F25-3C08-4AEB-8C47-963E83AA279C}.Debug|Any CPU.Build.0 = Debug|Any CPU
		{E1630F25-3C08-4AEB-8C47-963E83AA279C}.Release|Any CPU.ActiveCfg = Release|Any CPU
		{E1630F25-3C08-4AEB-8C47-963E83AA279C}.Release|Any CPU.Build.0 = Release|Any CPU
		{E97515E0-A4A6-42EC-A316-F7CEDB5A512F}.Debug|Any CPU.ActiveCfg = Debug|Any CPU
		{E97515E0-A4A6-42EC-A316-F7CEDB5A512F}.Debug|Any CPU.Build.0 = Debug|Any CPU
		{E97515E0-A4A6-42EC-A316-F7CEDB5A512F}.Release|Any CPU.ActiveCfg = Release|Any CPU
		{E97515E0-A4A6-42EC-A316-F7CEDB5A512F}.Release|Any CPU.Build.0 = Release|Any CPU
		{5E206190-65DC-4AF7-98A1-9AD8221C16E3}.Debug|Any CPU.ActiveCfg = Debug|Any CPU
		{5E206190-65DC-4AF7-98A1-9AD8221C16E3}.Debug|Any CPU.Build.0 = Debug|Any CPU
		{5E206190-65DC-4AF7-98A1-9AD8221C16E3}.Release|Any CPU.ActiveCfg = Release|Any CPU
		{5E206190-65DC-4AF7-98A1-9AD8221C16E3}.Release|Any CPU.Build.0 = Release|Any CPU
		{FD2287D4-8356-4E10-BC42-1C7DEB5F35E4}.Debug|Any CPU.ActiveCfg = Debug|Any CPU
		{FD2287D4-8356-4E10-BC42-1C7DEB5F35E4}.Debug|Any CPU.Build.0 = Debug|Any CPU
		{FD2287D4-8356-4E10-BC42-1C7DEB5F35E4}.Release|Any CPU.ActiveCfg = Release|Any CPU
		{FD2287D4-8356-4E10-BC42-1C7DEB5F35E4}.Release|Any CPU.Build.0 = Release|Any CPU
		{0BA2CDCB-BC33-44DB-BF1F-1713B5A6B057}.Debug|Any CPU.ActiveCfg = Debug|Any CPU
		{0BA2CDCB-BC33-44DB-BF1F-1713B5A6B057}.Debug|Any CPU.Build.0 = Debug|Any CPU
		{0BA2CDCB-BC33-44DB-BF1F-1713B5A6B057}.Release|Any CPU.ActiveCfg = Release|Any CPU
		{0BA2CDCB-BC33-44DB-BF1F-1713B5A6B057}.Release|Any CPU.Build.0 = Release|Any CPU
		{D8A25160-071D-4039-A8D4-5D906DA0B956}.Debug|Any CPU.ActiveCfg = Debug|Any CPU
		{D8A25160-071D-4039-A8D4-5D906DA0B956}.Debug|Any CPU.Build.0 = Debug|Any CPU
		{D8A25160-071D-4039-A8D4-5D906DA0B956}.Release|Any CPU.ActiveCfg = Release|Any CPU
		{D8A25160-071D-4039-A8D4-5D906DA0B956}.Release|Any CPU.Build.0 = Release|Any CPU
		{7E6E1B0B-9D90-4F1E-A242-37CF7D641350}.Debug|Any CPU.ActiveCfg = Debug|Any CPU
		{7E6E1B0B-9D90-4F1E-A242-37CF7D641350}.Debug|Any CPU.Build.0 = Debug|Any CPU
		{7E6E1B0B-9D90-4F1E-A242-37CF7D641350}.Release|Any CPU.ActiveCfg = Release|Any CPU
		{7E6E1B0B-9D90-4F1E-A242-37CF7D641350}.Release|Any CPU.Build.0 = Release|Any CPU
		{5B1DD5DD-1A0A-476F-9890-8A3C51B905D3}.Debug|Any CPU.ActiveCfg = Debug|Any CPU
		{5B1DD5DD-1A0A-476F-9890-8A3C51B905D3}.Debug|Any CPU.Build.0 = Debug|Any CPU
		{5B1DD5DD-1A0A-476F-9890-8A3C51B905D3}.Release|Any CPU.ActiveCfg = Release|Any CPU
		{5B1DD5DD-1A0A-476F-9890-8A3C51B905D3}.Release|Any CPU.Build.0 = Release|Any CPU
		{F69AD1C9-DB86-4E27-88D5-9E7069F9274F}.Debug|Any CPU.ActiveCfg = Debug|Any CPU
		{F69AD1C9-DB86-4E27-88D5-9E7069F9274F}.Debug|Any CPU.Build.0 = Debug|Any CPU
		{F69AD1C9-DB86-4E27-88D5-9E7069F9274F}.Release|Any CPU.ActiveCfg = Release|Any CPU
		{F69AD1C9-DB86-4E27-88D5-9E7069F9274F}.Release|Any CPU.Build.0 = Release|Any CPU
		{FC87FE6A-AA24-4392-9572-F33530FDD412}.Debug|Any CPU.ActiveCfg = Debug|Any CPU
		{FC87FE6A-AA24-4392-9572-F33530FDD412}.Debug|Any CPU.Build.0 = Debug|Any CPU
		{FC87FE6A-AA24-4392-9572-F33530FDD412}.Release|Any CPU.ActiveCfg = Release|Any CPU
		{FC87FE6A-AA24-4392-9572-F33530FDD412}.Release|Any CPU.Build.0 = Release|Any CPU
		{2F7A6C25-6A42-4EEB-8B5F-5479861B6FF3}.Debug|Any CPU.ActiveCfg = Debug|Any CPU
		{2F7A6C25-6A42-4EEB-8B5F-5479861B6FF3}.Debug|Any CPU.Build.0 = Debug|Any CPU
		{2F7A6C25-6A42-4EEB-8B5F-5479861B6FF3}.Release|Any CPU.ActiveCfg = Release|Any CPU
		{2F7A6C25-6A42-4EEB-8B5F-5479861B6FF3}.Release|Any CPU.Build.0 = Release|Any CPU
	EndGlobalSection
	GlobalSection(SolutionProperties) = preSolution
		HideSolutionNode = FALSE
	EndGlobalSection
	GlobalSection(NestedProjects) = preSolution
		{820D2C1E-30EF-4A11-BDFF-F933F525D5CB} = {025EEFCA-A4A8-463F-B398-0C60738F23A7}
		{D1A522F0-D659-4264-96DE-26EC2F9E21DB} = {025EEFCA-A4A8-463F-B398-0C60738F23A7}
		{E1630F25-3C08-4AEB-8C47-963E83AA279C} = {025EEFCA-A4A8-463F-B398-0C60738F23A7}
		{E97515E0-A4A6-42EC-A316-F7CEDB5A512F} = {025EEFCA-A4A8-463F-B398-0C60738F23A7}
		{5E206190-65DC-4AF7-98A1-9AD8221C16E3} = {025EEFCA-A4A8-463F-B398-0C60738F23A7}
		{FD2287D4-8356-4E10-BC42-1C7DEB5F35E4} = {025EEFCA-A4A8-463F-B398-0C60738F23A7}
		{0BA2CDCB-BC33-44DB-BF1F-1713B5A6B057} = {025EEFCA-A4A8-463F-B398-0C60738F23A7}
		{D8A25160-071D-4039-A8D4-5D906DA0B956} = {025EEFCA-A4A8-463F-B398-0C60738F23A7}
		{7E6E1B0B-9D90-4F1E-A242-37CF7D641350} = {025EEFCA-A4A8-463F-B398-0C60738F23A7}
		{5B1DD5DD-1A0A-476F-9890-8A3C51B905D3} = {025EEFCA-A4A8-463F-B398-0C60738F23A7}
		{F69AD1C9-DB86-4E27-88D5-9E7069F9274F} = {025EEFCA-A4A8-463F-B398-0C60738F23A7}
		{FC87FE6A-AA24-4392-9572-F33530FDD412} = {025EEFCA-A4A8-463F-B398-0C60738F23A7}
		{2F7A6C25-6A42-4EEB-8B5F-5479861B6FF3} = {025EEFCA-A4A8-463F-B398-0C60738F23A7}
	EndGlobalSection
	GlobalSection(ExtensibilityGlobals) = postSolution
		SolutionGuid = {4F838855-1C7F-423B-B252-EED3B9E83482}
	EndGlobalSection
EndGlobal
