
Microsoft Visual Studio Solution File, Format Version 12.00
# Visual Studio Version 17
VisualStudioVersion = 17.4.33213.308
MinimumVisualStudioVersion = 10.0.40219.1
Project("{2150E333-8FDC-42A3-9474-1A3956D46DE8}") = "2023", "2023", "{025EEFCA-A4A8-463F-B398-0C60738F23A7}"
EndProject
Project("{9A19103F-16F7-4668-BE54-9A1E7A4F7556}") = "Day1", "2023\Day1\Day1.csproj", "{820D2C1E-30EF-4A11-BDFF-F933F525D5CB}"
EndProject
Project("{2150E333-8FDC-42A3-9474-1A3956D46DE8}") = "Solution Items", "Solution Items", "{D41075A8-F2C9-46E0-9E35-B90931FDE0A6}"
	ProjectSection(SolutionItems) = preProject
		.gitignore = .gitignore
		README.md = README.md
	EndProjectSection
EndProject
Project("{9A19103F-16F7-4668-BE54-9A1E7A4F7556}") = "Day2", "2023\Day2\Day2.csproj", "{D1A522F0-D659-4264-96DE-26EC2F9E21DB}"
EndProject
Project("{FAE04EC0-301F-11D3-BF4B-00C04F79EFBC}") = "Day3", "2023\Day3\Day3.csproj", "{E1630F25-3C08-4AEB-8C47-963E83AA279C}"
EndProject
Project("{FAE04EC0-301F-11D3-BF4B-00C04F79EFBC}") = "Day4", "2023\Day4\Day4.csproj", "{E97515E0-A4A6-42EC-A316-F7CEDB5A512F}"
EndProject
Project("{FAE04EC0-301F-11D3-BF4B-00C04F79EFBC}") = "Day5", "2023\Day5\Day5.csproj", "{5E206190-65DC-4AF7-98A1-9AD8221C16E3}"
EndProject
Global
	GlobalSection(SolutionConfigurationPlatforms) = preSolution
		Debug|Any CPU = Debug|Any CPU
		Release|Any CPU = Release|Any CPU
	EndGlobalSection
	GlobalSection(ProjectConfigurationPlatforms) = postSolution
		{820D2C1E-30EF-4A11-BDFF-F933F525D5CB}.Debug|Any CPU.ActiveCfg = Debug|Any CPU
		{820D2C1E-30EF-4A11-BDFF-F933F525D5CB}.Debug|Any CPU.Build.0 = Debug|Any CPU
		{820D2C1E-30EF-4A11-BDFF-F933F525D5CB}.Release|Any CPU.ActiveCfg = Release|Any CPU
		{820D2C1E-30EF-4A11-BDFF-F933F525D5CB}.Release|Any CPU.Build.0 = Release|Any CPU
		{D1A522F0-D659-4264-96DE-26EC2F9E21DB}.Debug|Any CPU.ActiveCfg = Debug|Any CPU
		{D1A522F0-D659-4264-96DE-26EC2F9E21DB}.Debug|Any CPU.Build.0 = Debug|Any CPU
		{D1A522F0-D659-4264-96DE-26EC2F9E21DB}.Release|Any CPU.ActiveCfg = Release|Any CPU
		{D1A522F0-D659-4264-96DE-26EC2F9E21DB}.Release|Any CPU.Build.0 = Release|Any CPU
		{E1630F25-3C08-4AEB-8C47-963E83AA279C}.Debug|Any CPU.ActiveCfg = Debug|Any CPU
		{E1630F25-3C08-4AEB-8C47-963E83AA279C}.Debug|Any CPU.Build.0 = Debug|Any CPU
		{E1630F25-3C08-4AEB-8C47-963E83AA279C}.Release|Any CPU.ActiveCfg = Release|Any CPU
		{E1630F25-3C08-4AEB-8C47-963E83AA279C}.Release|Any CPU.Build.0 = Release|Any CPU
		{E97515E0-A4A6-42EC-A316-F7CEDB5A512F}.Debug|Any CPU.ActiveCfg = Debug|Any CPU
		{E97515E0-A4A6-42EC-A316-F7CEDB5A512F}.Debug|Any CPU.Build.0 = Debug|Any CPU
		{E97515E0-A4A6-42EC-A316-F7CEDB5A512F}.Release|Any CPU.ActiveCfg = Release|Any CPU
		{E97515E0-A4A6-42EC-A316-F7CEDB5A512F}.Release|Any CPU.Build.0 = Release|Any CPU
		{5E206190-65DC-4AF7-98A1-9AD8221C16E3}.Debug|Any CPU.ActiveCfg = Debug|Any CPU
		{5E206190-65DC-4AF7-98A1-9AD8221C16E3}.Debug|Any CPU.Build.0 = Debug|Any CPU
		{5E206190-65DC-4AF7-98A1-9AD8221C16E3}.Release|Any CPU.ActiveCfg = Release|Any CPU
		{5E206190-65DC-4AF7-98A1-9AD8221C16E3}.Release|Any CPU.Build.0 = Release|Any CPU
	EndGlobalSection
	GlobalSection(SolutionProperties) = preSolution
		HideSolutionNode = FALSE
	EndGlobalSection
	GlobalSection(NestedProjects) = preSolution
		{820D2C1E-30EF-4A11-BDFF-F933F525D5CB} = {025EEFCA-A4A8-463F-B398-0C60738F23A7}
		{D1A522F0-D659-4264-96DE-26EC2F9E21DB} = {025EEFCA-A4A8-463F-B398-0C60738F23A7}
		{E1630F25-3C08-4AEB-8C47-963E83AA279C} = {025EEFCA-A4A8-463F-B398-0C60738F23A7}
		{E97515E0-A4A6-42EC-A316-F7CEDB5A512F} = {025EEFCA-A4A8-463F-B398-0C60738F23A7}
		{5E206190-65DC-4AF7-98A1-9AD8221C16E3} = {025EEFCA-A4A8-463F-B398-0C60738F23A7}
	EndGlobalSection
	GlobalSection(ExtensibilityGlobals) = postSolution
		SolutionGuid = {4F838855-1C7F-423B-B252-EED3B9E83482}
	EndGlobalSection
EndGlobal
